
Microsoft Visual Studio Solution File, Format Version 12.00
# Visual Studio Version 16
VisualStudioVersion = 16.0.30907.101
MinimumVisualStudioVersion = 10.0.40219.1
Project("{FAE04EC0-301F-11D3-BF4B-00C04F79EFBC}") = "StalkbotGUI", "StalkbotGUI.csproj", "{ED0470BB-51B4-42E2-B8C1-44858E429501}"
EndProject
Global
	GlobalSection(SolutionConfigurationPlatforms) = preSolution
		Debug|Any CPU = Debug|Any CPU
		Release|Any CPU = Release|Any CPU
	EndGlobalSection
	GlobalSection(ProjectConfigurationPlatforms) = postSolution
		{ED0470BB-51B4-42E2-B8C1-44858E429501}.Debug|Any CPU.ActiveCfg = Debug|Any CPU
		{ED0470BB-51B4-42E2-B8C1-44858E429501}.Debug|Any CPU.Build.0 = Debug|Any CPU
		{ED0470BB-51B4-42E2-B8C1-44858E429501}.Release|Any CPU.ActiveCfg = Release|Any CPU
		{ED0470BB-51B4-42E2-B8C1-44858E429501}.Release|Any CPU.Build.0 = Release|Any CPU
	EndGlobalSection
	GlobalSection(SolutionProperties) = preSolution
		HideSolutionNode = FALSE
	EndGlobalSection
	GlobalSection(ExtensibilityGlobals) = postSolution
		SolutionGuid = {973BBB37-772D-43FB-8CD7-F70D99C9EE8A}
	EndGlobalSection
EndGlobal
